lockfileVersion: '6.0'

settings:
  autoInstallPeers: true
  excludeLinksFromLockfile: false

devDependencies:
  '@types/jest':
    specifier: 29.5.5
    version: 29.5.5
  jest:
    specifier: 29.7.0
    version: 29.7.0
  typescript:
    specifier: 5.2.2
    version: 5.2.2

packages:

  /@types/jest@29.5.5:
    resolution: {integrity: sha512-ebylz2hnsWR9mYvmBFbXJXr+33UPc4+ZdxyDXh5w0FlPBTfCVN3wM3INksiGSG+fw+Q+OMh4nnpZhjTHfaKXLg==}
    dev: true

  /jest@29.7.0:
    resolution: {integrity: sha512-NIy3oAFp9shda19hy4HK0HRTWKtPJmGdnvywu01nOqNC2vZg+Z+fvJDxpMQA88eb2I9EcafcdjYgsDthnYTvGw==}
    engines: {node: ^14.15.0 || ^16.10.0 || >=18.0.0}
    hasBin: true
    dev: true

  /typescript@5.2.2:
    resolution: {integrity: sha512-mI4WrpHsbCIcwT9cF4FZvr80QUeKvsUsUvKDoR+X/7XHQH98xYD8YHZg7ANtz2GtZt/CBq2QJ0thkGJMHfqc1w==}
    engines: {node: '>=14.17'}
    hasBin: true
    dev: true

